
Microsoft Visual Studio Solution File, Format Version 12.00
# Visual Studio 14
VisualStudioVersion = 14.0.25420.1
MinimumVisualStudioVersion = 10.0.40219.1
Project("{FAE04EC0-301F-11D3-BF4B-00C04F79EFBC}") = "Demos", "Demos\Demos.csproj", "{167861E1-341B-4D34-A6AB-6DA591CA675C}"
	ProjectSection(ProjectDependencies) = postProject
		{326967B5-0AF7-4AA0-A4B9-70ABB105142D} = {326967B5-0AF7-4AA0-A4B9-70ABB105142D}
	EndProjectSection
EndProject
Project("{FAE04EC0-301F-11D3-BF4B-00C04F79EFBC}") = "Themes", "Themes\Themes.csproj", "{779FF005-986B-4284-AA4F-0F86C1216406}"
EndProject
Project("{FAE04EC0-301F-11D3-BF4B-00C04F79EFBC}") = "MainFeatures.GanttChartDataGrid", "Demos\Samples\WPF-CSharp\GanttChartDataGrid\MainFeatures\MainFeatures.GanttChartDataGrid.csproj", "{326967B5-0AF7-4AA0-A4B9-70ABB105142D}"
EndProject
Project("{2150E333-8FDC-42A3-9474-1A3956D46DE8}") = "Samples.Libraries", "Samples.Libraries", "{EC1BB1BD-0A5B-4CB5-9D95-13386A89D919}"
EndProject
Project("{2150E333-8FDC-42A3-9474-1A3956D46DE8}") = "GanttChartDataGrid", "GanttChartDataGrid", "{AE54A391-FB6D-48D4-A4C7-A8D4E78AEF2A}"
EndProject
Project("{F184B08F-C81C-45F6-A57F-5ABD9991F28F}") = "MainFeatures.VisualBasic.GanttChartDataGrid", "Demos\Samples\WPF-VisualBasic\GanttChartDataGrid\MainFeatures\MainFeatures.VisualBasic.GanttChartDataGrid.vbproj", "{3742FD40-EB79-4306-B785-56254DB4F986}"
EndProject
Project("{FAE04EC0-301F-11D3-BF4B-00C04F79EFBC}") = "MainFeatures-item.GanttChartDataGrid", "Demos\Samples\WPF-CSharp\GanttChartDataGrid\MainFeatures-item\MainFeatures-item.GanttChartDataGrid.csproj", "{347481FE-625F-43F4-B930-2FBD8F381608}"
EndProject
Project("{2150E333-8FDC-42A3-9474-1A3956D46DE8}") = "ScheduleChartDataGrid", "ScheduleChartDataGrid", "{EC37E7BD-A4D8-400F-AEA5-B9BA4B766DD8}"
EndProject
Project("{FAE04EC0-301F-11D3-BF4B-00C04F79EFBC}") = "MainFeatures.ScheduleChartDataGrid", "Demos\Samples\WPF-CSharp\ScheduleChartDataGrid\MainFeatures\MainFeatures.ScheduleChartDataGrid.csproj", "{DB09445F-94FD-4EBA-8D89-718A9B8C50EA}"
EndProject
Project("{2150E333-8FDC-42A3-9474-1A3956D46DE8}") = "LoadChartDataGrid", "LoadChartDataGrid", "{7EC62E10-FBE0-4B5D-A3DD-F43FE1F6E067}"
EndProject
Project("{FAE04EC0-301F-11D3-BF4B-00C04F79EFBC}") = "MainFeatures.LoadChartDataGrid", "Demos\Samples\WPF-CSharp\LoadChartDataGrid\MainFeatures\MainFeatures.LoadChartDataGrid.csproj", "{FA769689-A8BA-40A3-BA7D-D72FF4668AE7}"
EndProject
Project("{2150E333-8FDC-42A3-9474-1A3956D46DE8}") = "GanttChartView", "GanttChartView", "{2F926D7F-96D4-4FF6-9CF4-A37CFF62837F}"
EndProject
Project("{2150E333-8FDC-42A3-9474-1A3956D46DE8}") = "ScheduleChartView", "ScheduleChartView", "{AC439F7E-E8DD-46B9-8732-17B65641F7AE}"
EndProject
Project("{2150E333-8FDC-42A3-9474-1A3956D46DE8}") = "LoadChartView", "LoadChartView", "{0270A79D-0305-43A5-BEB3-0068DE79AE4F}"
EndProject
Project("{FAE04EC0-301F-11D3-BF4B-00C04F79EFBC}") = "MainFeatures.LoadChartView", "Demos\Samples\WPF-CSharp\LoadChartView\MainFeatures\MainFeatures.LoadChartView.csproj", "{7E46452B-AFFA-45F6-87DE-DB9646E06CC2}"
EndProject
Project("{FAE04EC0-301F-11D3-BF4B-00C04F79EFBC}") = "MainFeatures.GanttChartView", "Demos\Samples\WPF-CSharp\GanttChartView\MainFeatures\MainFeatures.GanttChartView.csproj", "{B5C3B098-E758-4302-A7EA-7BB45E2325F6}"
EndProject
Project("{FAE04EC0-301F-11D3-BF4B-00C04F79EFBC}") = "MainFeatures.ScheduleChartView", "Demos\Samples\WPF-CSharp\ScheduleChartView\MainFeatures\MainFeatures.ScheduleChartView.csproj", "{27C381D6-4D27-47FC-81AA-24F176B57CE7}"
EndProject
Project("{2150E333-8FDC-42A3-9474-1A3956D46DE8}") = "PertChartView", "PertChartView", "{39CABB9A-8DB5-4B49-B6BC-4FAAABEE2459}"
EndProject
Project("{2150E333-8FDC-42A3-9474-1A3956D46DE8}") = "NetworkDiagramView", "NetworkDiagramView", "{EB2738EE-AC41-4AEC-9168-D8EF27D0DF29}"
EndProject
Project("{FAE04EC0-301F-11D3-BF4B-00C04F79EFBC}") = "MainFeatures.PertChartView", "Demos\Samples\WPF-CSharp\PertChartView\MainFeatures\MainFeatures.PertChartView.csproj", "{C1295877-1D6D-4986-A1B9-B4AF32C32EC7}"
EndProject
Project("{FAE04EC0-301F-11D3-BF4B-00C04F79EFBC}") = "MainFeatures.NetworkDiagramView", "Demos\Samples\WPF-CSharp\NetworkDiagramView\MainFeatures\MainFeatures.NetworkDiagramView.csproj", "{F2BBFE3A-F856-4C83-9270-AD5B16360CDB}"
EndProject
Project("{FAE04EC0-301F-11D3-BF4B-00C04F79EFBC}") = "DataBinding.GanttChartDataGrid", "Demos\Samples\WPF-CSharp\GanttChartDataGrid\DataBinding\DataBinding.GanttChartDataGrid.csproj", "{95F30FAA-9A21-435D-9E1C-B37465B05F01}"
EndProject
Project("{FAE04EC0-301F-11D3-BF4B-00C04F79EFBC}") = "CustomAppearance.GanttChartDataGrid", "Demos\Samples\WPF-CSharp\GanttChartDataGrid\CustomAppearance\CustomAppearance.GanttChartDataGrid.csproj", "{C3E4139A-1498-443A-94CC-261E988F629A}"
EndProject
Project("{FAE04EC0-301F-11D3-BF4B-00C04F79EFBC}") = "CustomSchedule.GanttChartDataGrid", "Demos\Samples\WPF-CSharp\GanttChartDataGrid\CustomSchedule\CustomSchedule.GanttChartDataGrid.csproj", "{5716893C-1163-4C50-90B7-0B537CFBB6AD}"
EndProject
Project("{FAE04EC0-301F-11D3-BF4B-00C04F79EFBC}") = "SingleItem.LoadChartView", "Demos\Samples\WPF-CSharp\LoadChartView\SingleItem\SingleItem.LoadChartView.csproj", "{585A5D0C-7651-49C5-8938-3A706A78B859}"
EndProject
Project("{FAE04EC0-301F-11D3-BF4B-00C04F79EFBC}") = "BarTemplating.GanttChartDataGrid", "Demos\Samples\WPF-CSharp\GanttChartDataGrid\BarTemplating\BarTemplating.GanttChartDataGrid.csproj", "{ADD9C2AA-CF1F-4836-A611-CE893E857E31}"
EndProject
Project("{FAE04EC0-301F-11D3-BF4B-00C04F79EFBC}") = "ChangeNotifications.GanttChartDataGrid", "Demos\Samples\WPF-CSharp\GanttChartDataGrid\ChangeNotifications\ChangeNotifications.GanttChartDataGrid.csproj", "{277E081E-408E-4574-A851-C34D93435673}"
EndProject
Project("{FAE04EC0-301F-11D3-BF4B-00C04F79EFBC}") = "BasicUsage.GanttChartDataGrid", "Demos\Samples\WPF-CSharp\GanttChartDataGrid\BasicUsage\BasicUsage.GanttChartDataGrid.csproj", "{F8192A49-B514-4222-943D-6420CB50D62F}"
EndProject
Project("{FAE04EC0-301F-11D3-BF4B-00C04F79EFBC}") = "Filtering.GanttChartDataGrid", "Demos\Samples\WPF-CSharp\GanttChartDataGrid\Filtering\Filtering.GanttChartDataGrid.csproj", "{95641BD8-7441-4173-8B91-973384F97E69}"
EndProject
Project("{FAE04EC0-301F-11D3-BF4B-00C04F79EFBC}") = "MinuteScale.GanttChartDataGrid", "Demos\Samples\WPF-CSharp\GanttChartDataGrid\MinuteScale\MinuteScale.GanttChartDataGrid.csproj", "{23218F0A-821B-4EA1-A657-D486502DCE16}"
EndProject
Project("{FAE04EC0-301F-11D3-BF4B-00C04F79EFBC}") = "MouseEventHandling.GanttChartDataGrid", "Demos\Samples\WPF-CSharp\GanttChartDataGrid\MouseEventHandling\MouseEventHandling.GanttChartDataGrid.csproj", "{F359A7CE-088C-4434-9368-8E1D5FA97C18}"
EndProject
Project("{FAE04EC0-301F-11D3-BF4B-00C04F79EFBC}") = "NumericDays.GanttChartDataGrid", "Demos\Samples\WPF-CSharp\GanttChartDataGrid\NumericDays\NumericDays.GanttChartDataGrid.csproj", "{FE9C0EC3-A81B-449D-BBD3-8F24DD85FDF9}"
EndProject
Project("{FAE04EC0-301F-11D3-BF4B-00C04F79EFBC}") = "Recurrence.GanttChartDataGrid", "Demos\Samples\WPF-CSharp\GanttChartDataGrid\Recurrence\Recurrence.GanttChartDataGrid.csproj", "{EF5F119A-5C33-421E-A9F8-27E8029B514B}"
EndProject
Project("{FAE04EC0-301F-11D3-BF4B-00C04F79EFBC}") = "Sorting.GanttChartDataGrid", "Demos\Samples\WPF-CSharp\GanttChartDataGrid\Sorting\Sorting.GanttChartDataGrid.csproj", "{6B814ACC-3BAE-4EAE-A3B8-432BFDB8EA9D}"
EndProject
Project("{FAE04EC0-301F-11D3-BF4B-00C04F79EFBC}") = "SummaryBars.GanttChartDataGrid", "Demos\Samples\WPF-CSharp\GanttChartDataGrid\SummaryBars\SummaryBars.GanttChartDataGrid.csproj", "{CB7B1A34-6631-4B99-9788-7F888AFC3564}"
EndProject
Project("{FAE04EC0-301F-11D3-BF4B-00C04F79EFBC}") = "SummaryValues.GanttChartDataGrid", "Demos\Samples\WPF-CSharp\GanttChartDataGrid\SummaryValues\SummaryValues.GanttChartDataGrid.csproj", "{C8210AA8-3750-459D-8D7B-22C23A5D2956}"
EndProject
Project("{FAE04EC0-301F-11D3-BF4B-00C04F79EFBC}") = "BasicUsage.ScheduleChartDataGrid", "Demos\Samples\WPF-CSharp\ScheduleChartDataGrid\BasicUsage\BasicUsage.ScheduleChartDataGrid.csproj", "{3D9828FA-63F3-4949-9861-64D693DB5AEB}"
EndProject
Project("{FAE04EC0-301F-11D3-BF4B-00C04F79EFBC}") = "BarTemplating.ScheduleChartDataGrid", "Demos\Samples\WPF-CSharp\ScheduleChartDataGrid\BarTemplating\BarTemplating.ScheduleChartDataGrid.csproj", "{D4F836C9-8CD1-43CC-9965-234AB22B9A92}"
EndProject
Project("{FAE04EC0-301F-11D3-BF4B-00C04F79EFBC}") = "CustomAppearance.ScheduleChartDataGrid", "Demos\Samples\WPF-CSharp\ScheduleChartDataGrid\CustomAppearance\CustomAppearance.ScheduleChartDataGrid.csproj", "{817A505F-E8EE-463A-A692-9228D0BDBD05}"
EndProject
Project("{FAE04EC0-301F-11D3-BF4B-00C04F79EFBC}") = "CustomSchedule.ScheduleChartDataGrid", "Demos\Samples\WPF-CSharp\ScheduleChartDataGrid\CustomSchedule\CustomSchedule.ScheduleChartDataGrid.csproj", "{12C2E139-C927-40C4-B60B-2A6934827D2D}"
EndProject
Project("{FAE04EC0-301F-11D3-BF4B-00C04F79EFBC}") = "DataBinding.ScheduleChartDataGrid", "Demos\Samples\WPF-CSharp\ScheduleChartDataGrid\DataBinding\DataBinding.ScheduleChartDataGrid.csproj", "{307DE03A-B65A-42F8-B053-C80A9E236A96}"
EndProject
Project("{FAE04EC0-301F-11D3-BF4B-00C04F79EFBC}") = "Hierarchy.ScheduleChartDataGrid", "Demos\Samples\WPF-CSharp\ScheduleChartDataGrid\Hierarchy\Hierarchy.ScheduleChartDataGrid.csproj", "{6971F199-A0D7-44C4-9CF1-9911EFF4C8C0}"
EndProject
Project("{FAE04EC0-301F-11D3-BF4B-00C04F79EFBC}") = "MouseEventHandling.ScheduleChartDataGrid", "Demos\Samples\WPF-CSharp\ScheduleChartDataGrid\MouseEventHandling\MouseEventHandling.ScheduleChartDataGrid.csproj", "{BED03D92-782A-4D16-A265-5F729A94745D}"
EndProject
Project("{FAE04EC0-301F-11D3-BF4B-00C04F79EFBC}") = "MultipleLinesPerRow.ScheduleChartDataGrid", "Demos\Samples\WPF-CSharp\ScheduleChartDataGrid\MultipleLinesPerRow\MultipleLinesPerRow.ScheduleChartDataGrid.csproj", "{1B29A236-E2C7-484B-8372-F306342B8980}"
EndProject
Project("{FAE04EC0-301F-11D3-BF4B-00C04F79EFBC}") = "CustomAppearance.LoadChartDataGrid", "Demos\Samples\WPF-CSharp\LoadChartDataGrid\CustomAppearance\CustomAppearance.LoadChartDataGrid.csproj", "{FA3C350D-0EAC-4822-99DF-6CF339D895DD}"
EndProject
Project("{FAE04EC0-301F-11D3-BF4B-00C04F79EFBC}") = "CustomSchedule.LoadChartDataGrid", "Demos\Samples\WPF-CSharp\LoadChartDataGrid\CustomSchedule\CustomSchedule.LoadChartDataGrid.csproj", "{087A406F-AF83-4722-9417-C98BC41276B8}"
EndProject
Project("{FAE04EC0-301F-11D3-BF4B-00C04F79EFBC}") = "MouseEventHandling.LoadChartDataGrid", "Demos\Samples\WPF-CSharp\LoadChartDataGrid\MouseEventHandling\MouseEventHandling.LoadChartDataGrid.csproj", "{EA394593-4D02-46D1-8F82-56919089EA9F}"
EndProject
Project("{FAE04EC0-301F-11D3-BF4B-00C04F79EFBC}") = "ShapeTemplating.NetworkDiagramView", "Demos\Samples\WPF-CSharp\NetworkDiagramView\ShapeTemplating\ShapeTemplating.NetworkDiagramView.csproj", "{A7C30EF6-87FC-425F-A0B0-583411F9664C}"
EndProject
Project("{FAE04EC0-301F-11D3-BF4B-00C04F79EFBC}") = "MultiTasksPerLine.PertChartView", "Demos\Samples\WPF-CSharp\PertChartView\MultiTasksPerLine\MultiTasksPerLine.PertChartView.csproj", "{D2A57481-394C-42CC-B433-1243C4F1304B}"
EndProject
Global
	GlobalSection(SolutionConfigurationPlatforms) = preSolution
		Debug|Any CPU = Debug|Any CPU
		Release|Any CPU = Release|Any CPU
	EndGlobalSection
	GlobalSection(ProjectConfigurationPlatforms) = postSolution
		{167861E1-341B-4D34-A6AB-6DA591CA675C}.Debug|Any CPU.ActiveCfg = Debug|Any CPU
		{167861E1-341B-4D34-A6AB-6DA591CA675C}.Debug|Any CPU.Build.0 = Debug|Any CPU
		{167861E1-341B-4D34-A6AB-6DA591CA675C}.Release|Any CPU.ActiveCfg = Release|Any CPU
		{167861E1-341B-4D34-A6AB-6DA591CA675C}.Release|Any CPU.Build.0 = Release|Any CPU
		{779FF005-986B-4284-AA4F-0F86C1216406}.Debug|Any CPU.ActiveCfg = Debug|Any CPU
		{779FF005-986B-4284-AA4F-0F86C1216406}.Debug|Any CPU.Build.0 = Debug|Any CPU
		{779FF005-986B-4284-AA4F-0F86C1216406}.Release|Any CPU.ActiveCfg = Release|Any CPU
		{779FF005-986B-4284-AA4F-0F86C1216406}.Release|Any CPU.Build.0 = Release|Any CPU
		{326967B5-0AF7-4AA0-A4B9-70ABB105142D}.Debug|Any CPU.ActiveCfg = Debug|Any CPU
		{326967B5-0AF7-4AA0-A4B9-70ABB105142D}.Debug|Any CPU.Build.0 = Debug|Any CPU
		{326967B5-0AF7-4AA0-A4B9-70ABB105142D}.Release|Any CPU.ActiveCfg = Release|Any CPU
		{326967B5-0AF7-4AA0-A4B9-70ABB105142D}.Release|Any CPU.Build.0 = Release|Any CPU
		{3742FD40-EB79-4306-B785-56254DB4F986}.Debug|Any CPU.ActiveCfg = Debug|Any CPU
		{3742FD40-EB79-4306-B785-56254DB4F986}.Debug|Any CPU.Build.0 = Debug|Any CPU
		{3742FD40-EB79-4306-B785-56254DB4F986}.Release|Any CPU.ActiveCfg = Release|Any CPU
		{3742FD40-EB79-4306-B785-56254DB4F986}.Release|Any CPU.Build.0 = Release|Any CPU
		{347481FE-625F-43F4-B930-2FBD8F381608}.Debug|Any CPU.ActiveCfg = Debug|Any CPU
		{347481FE-625F-43F4-B930-2FBD8F381608}.Debug|Any CPU.Build.0 = Debug|Any CPU
		{347481FE-625F-43F4-B930-2FBD8F381608}.Release|Any CPU.ActiveCfg = Release|Any CPU
		{347481FE-625F-43F4-B930-2FBD8F381608}.Release|Any CPU.Build.0 = Release|Any CPU
		{DB09445F-94FD-4EBA-8D89-718A9B8C50EA}.Debug|Any CPU.ActiveCfg = Debug|Any CPU
		{DB09445F-94FD-4EBA-8D89-718A9B8C50EA}.Debug|Any CPU.Build.0 = Debug|Any CPU
		{DB09445F-94FD-4EBA-8D89-718A9B8C50EA}.Release|Any CPU.ActiveCfg = Release|Any CPU
		{DB09445F-94FD-4EBA-8D89-718A9B8C50EA}.Release|Any CPU.Build.0 = Release|Any CPU
		{FA769689-A8BA-40A3-BA7D-D72FF4668AE7}.Debug|Any CPU.ActiveCfg = Debug|Any CPU
		{FA769689-A8BA-40A3-BA7D-D72FF4668AE7}.Debug|Any CPU.Build.0 = Debug|Any CPU
		{FA769689-A8BA-40A3-BA7D-D72FF4668AE7}.Release|Any CPU.ActiveCfg = Release|Any CPU
		{FA769689-A8BA-40A3-BA7D-D72FF4668AE7}.Release|Any CPU.Build.0 = Release|Any CPU
		{7E46452B-AFFA-45F6-87DE-DB9646E06CC2}.Debug|Any CPU.ActiveCfg = Debug|Any CPU
		{7E46452B-AFFA-45F6-87DE-DB9646E06CC2}.Debug|Any CPU.Build.0 = Debug|Any CPU
		{7E46452B-AFFA-45F6-87DE-DB9646E06CC2}.Release|Any CPU.ActiveCfg = Release|Any CPU
		{7E46452B-AFFA-45F6-87DE-DB9646E06CC2}.Release|Any CPU.Build.0 = Release|Any CPU
		{B5C3B098-E758-4302-A7EA-7BB45E2325F6}.Debug|Any CPU.ActiveCfg = Debug|Any CPU
		{B5C3B098-E758-4302-A7EA-7BB45E2325F6}.Debug|Any CPU.Build.0 = Debug|Any CPU
		{B5C3B098-E758-4302-A7EA-7BB45E2325F6}.Release|Any CPU.ActiveCfg = Release|Any CPU
		{B5C3B098-E758-4302-A7EA-7BB45E2325F6}.Release|Any CPU.Build.0 = Release|Any CPU
		{27C381D6-4D27-47FC-81AA-24F176B57CE7}.Debug|Any CPU.ActiveCfg = Debug|Any CPU
		{27C381D6-4D27-47FC-81AA-24F176B57CE7}.Debug|Any CPU.Build.0 = Debug|Any CPU
		{27C381D6-4D27-47FC-81AA-24F176B57CE7}.Release|Any CPU.ActiveCfg = Release|Any CPU
		{27C381D6-4D27-47FC-81AA-24F176B57CE7}.Release|Any CPU.Build.0 = Release|Any CPU
		{C1295877-1D6D-4986-A1B9-B4AF32C32EC7}.Debug|Any CPU.ActiveCfg = Debug|Any CPU
		{C1295877-1D6D-4986-A1B9-B4AF32C32EC7}.Debug|Any CPU.Build.0 = Debug|Any CPU
		{C1295877-1D6D-4986-A1B9-B4AF32C32EC7}.Release|Any CPU.ActiveCfg = Release|Any CPU
		{C1295877-1D6D-4986-A1B9-B4AF32C32EC7}.Release|Any CPU.Build.0 = Release|Any CPU
		{F2BBFE3A-F856-4C83-9270-AD5B16360CDB}.Debug|Any CPU.ActiveCfg = Debug|Any CPU
		{F2BBFE3A-F856-4C83-9270-AD5B16360CDB}.Debug|Any CPU.Build.0 = Debug|Any CPU
		{F2BBFE3A-F856-4C83-9270-AD5B16360CDB}.Release|Any CPU.ActiveCfg = Release|Any CPU
		{F2BBFE3A-F856-4C83-9270-AD5B16360CDB}.Release|Any CPU.Build.0 = Release|Any CPU
		{95F30FAA-9A21-435D-9E1C-B37465B05F01}.Debug|Any CPU.ActiveCfg = Debug|Any CPU
		{95F30FAA-9A21-435D-9E1C-B37465B05F01}.Debug|Any CPU.Build.0 = Debug|Any CPU
		{95F30FAA-9A21-435D-9E1C-B37465B05F01}.Release|Any CPU.ActiveCfg = Release|Any CPU
		{95F30FAA-9A21-435D-9E1C-B37465B05F01}.Release|Any CPU.Build.0 = Release|Any CPU
		{C3E4139A-1498-443A-94CC-261E988F629A}.Debug|Any CPU.ActiveCfg = Debug|Any CPU
		{C3E4139A-1498-443A-94CC-261E988F629A}.Debug|Any CPU.Build.0 = Debug|Any CPU
		{C3E4139A-1498-443A-94CC-261E988F629A}.Release|Any CPU.ActiveCfg = Release|Any CPU
		{C3E4139A-1498-443A-94CC-261E988F629A}.Release|Any CPU.Build.0 = Release|Any CPU
		{5716893C-1163-4C50-90B7-0B537CFBB6AD}.Debug|Any CPU.ActiveCfg = Debug|Any CPU
		{5716893C-1163-4C50-90B7-0B537CFBB6AD}.Debug|Any CPU.Build.0 = Debug|Any CPU
		{5716893C-1163-4C50-90B7-0B537CFBB6AD}.Release|Any CPU.ActiveCfg = Release|Any CPU
		{5716893C-1163-4C50-90B7-0B537CFBB6AD}.Release|Any CPU.Build.0 = Release|Any CPU
		{585A5D0C-7651-49C5-8938-3A706A78B859}.Debug|Any CPU.ActiveCfg = Debug|Any CPU
		{585A5D0C-7651-49C5-8938-3A706A78B859}.Debug|Any CPU.Build.0 = Debug|Any CPU
		{585A5D0C-7651-49C5-8938-3A706A78B859}.Release|Any CPU.ActiveCfg = Release|Any CPU
		{585A5D0C-7651-49C5-8938-3A706A78B859}.Release|Any CPU.Build.0 = Release|Any CPU
		{ADD9C2AA-CF1F-4836-A611-CE893E857E31}.Debug|Any CPU.ActiveCfg = Debug|Any CPU
		{ADD9C2AA-CF1F-4836-A611-CE893E857E31}.Debug|Any CPU.Build.0 = Debug|Any CPU
		{ADD9C2AA-CF1F-4836-A611-CE893E857E31}.Release|Any CPU.ActiveCfg = Release|Any CPU
		{ADD9C2AA-CF1F-4836-A611-CE893E857E31}.Release|Any CPU.Build.0 = Release|Any CPU
		{277E081E-408E-4574-A851-C34D93435673}.Debug|Any CPU.ActiveCfg = Debug|Any CPU
		{277E081E-408E-4574-A851-C34D93435673}.Debug|Any CPU.Build.0 = Debug|Any CPU
		{277E081E-408E-4574-A851-C34D93435673}.Release|Any CPU.ActiveCfg = Release|Any CPU
		{277E081E-408E-4574-A851-C34D93435673}.Release|Any CPU.Build.0 = Release|Any CPU
		{F8192A49-B514-4222-943D-6420CB50D62F}.Debug|Any CPU.ActiveCfg = Debug|Any CPU
		{F8192A49-B514-4222-943D-6420CB50D62F}.Debug|Any CPU.Build.0 = Debug|Any CPU
		{F8192A49-B514-4222-943D-6420CB50D62F}.Release|Any CPU.ActiveCfg = Release|Any CPU
		{F8192A49-B514-4222-943D-6420CB50D62F}.Release|Any CPU.Build.0 = Release|Any CPU
		{95641BD8-7441-4173-8B91-973384F97E69}.Debug|Any CPU.ActiveCfg = Debug|Any CPU
		{95641BD8-7441-4173-8B91-973384F97E69}.Debug|Any CPU.Build.0 = Debug|Any CPU
		{95641BD8-7441-4173-8B91-973384F97E69}.Release|Any CPU.ActiveCfg = Release|Any CPU
		{95641BD8-7441-4173-8B91-973384F97E69}.Release|Any CPU.Build.0 = Release|Any CPU
		{23218F0A-821B-4EA1-A657-D486502DCE16}.Debug|Any CPU.ActiveCfg = Debug|Any CPU
		{23218F0A-821B-4EA1-A657-D486502DCE16}.Debug|Any CPU.Build.0 = Debug|Any CPU
		{23218F0A-821B-4EA1-A657-D486502DCE16}.Release|Any CPU.ActiveCfg = Release|Any CPU
		{23218F0A-821B-4EA1-A657-D486502DCE16}.Release|Any CPU.Build.0 = Release|Any CPU
		{F359A7CE-088C-4434-9368-8E1D5FA97C18}.Debug|Any CPU.ActiveCfg = Debug|Any CPU
		{F359A7CE-088C-4434-9368-8E1D5FA97C18}.Debug|Any CPU.Build.0 = Debug|Any CPU
		{F359A7CE-088C-4434-9368-8E1D5FA97C18}.Release|Any CPU.ActiveCfg = Release|Any CPU
		{F359A7CE-088C-4434-9368-8E1D5FA97C18}.Release|Any CPU.Build.0 = Release|Any CPU
		{FE9C0EC3-A81B-449D-BBD3-8F24DD85FDF9}.Debug|Any CPU.ActiveCfg = Debug|Any CPU
		{FE9C0EC3-A81B-449D-BBD3-8F24DD85FDF9}.Debug|Any CPU.Build.0 = Debug|Any CPU
		{FE9C0EC3-A81B-449D-BBD3-8F24DD85FDF9}.Release|Any CPU.ActiveCfg = Release|Any CPU
		{FE9C0EC3-A81B-449D-BBD3-8F24DD85FDF9}.Release|Any CPU.Build.0 = Release|Any CPU
		{EF5F119A-5C33-421E-A9F8-27E8029B514B}.Debug|Any CPU.ActiveCfg = Debug|Any CPU
		{EF5F119A-5C33-421E-A9F8-27E8029B514B}.Debug|Any CPU.Build.0 = Debug|Any CPU
		{EF5F119A-5C33-421E-A9F8-27E8029B514B}.Release|Any CPU.ActiveCfg = Release|Any CPU
		{EF5F119A-5C33-421E-A9F8-27E8029B514B}.Release|Any CPU.Build.0 = Release|Any CPU
		{6B814ACC-3BAE-4EAE-A3B8-432BFDB8EA9D}.Debug|Any CPU.ActiveCfg = Debug|Any CPU
		{6B814ACC-3BAE-4EAE-A3B8-432BFDB8EA9D}.Debug|Any CPU.Build.0 = Debug|Any CPU
		{6B814ACC-3BAE-4EAE-A3B8-432BFDB8EA9D}.Release|Any CPU.ActiveCfg = Release|Any CPU
		{6B814ACC-3BAE-4EAE-A3B8-432BFDB8EA9D}.Release|Any CPU.Build.0 = Release|Any CPU
		{CB7B1A34-6631-4B99-9788-7F888AFC3564}.Debug|Any CPU.ActiveCfg = Debug|Any CPU
		{CB7B1A34-6631-4B99-9788-7F888AFC3564}.Debug|Any CPU.Build.0 = Debug|Any CPU
		{CB7B1A34-6631-4B99-9788-7F888AFC3564}.Release|Any CPU.ActiveCfg = Release|Any CPU
		{CB7B1A34-6631-4B99-9788-7F888AFC3564}.Release|Any CPU.Build.0 = Release|Any CPU
		{C8210AA8-3750-459D-8D7B-22C23A5D2956}.Debug|Any CPU.ActiveCfg = Debug|Any CPU
		{C8210AA8-3750-459D-8D7B-22C23A5D2956}.Debug|Any CPU.Build.0 = Debug|Any CPU
		{C8210AA8-3750-459D-8D7B-22C23A5D2956}.Release|Any CPU.ActiveCfg = Release|Any CPU
		{C8210AA8-3750-459D-8D7B-22C23A5D2956}.Release|Any CPU.Build.0 = Release|Any CPU
		{3D9828FA-63F3-4949-9861-64D693DB5AEB}.Debug|Any CPU.ActiveCfg = Debug|Any CPU
		{3D9828FA-63F3-4949-9861-64D693DB5AEB}.Debug|Any CPU.Build.0 = Debug|Any CPU
		{3D9828FA-63F3-4949-9861-64D693DB5AEB}.Release|Any CPU.ActiveCfg = Release|Any CPU
		{3D9828FA-63F3-4949-9861-64D693DB5AEB}.Release|Any CPU.Build.0 = Release|Any CPU
		{D4F836C9-8CD1-43CC-9965-234AB22B9A92}.Debug|Any CPU.ActiveCfg = Debug|Any CPU
		{D4F836C9-8CD1-43CC-9965-234AB22B9A92}.Debug|Any CPU.Build.0 = Debug|Any CPU
		{D4F836C9-8CD1-43CC-9965-234AB22B9A92}.Release|Any CPU.ActiveCfg = Release|Any CPU
		{D4F836C9-8CD1-43CC-9965-234AB22B9A92}.Release|Any CPU.Build.0 = Release|Any CPU
		{817A505F-E8EE-463A-A692-9228D0BDBD05}.Debug|Any CPU.ActiveCfg = Debug|Any CPU
		{817A505F-E8EE-463A-A692-9228D0BDBD05}.Debug|Any CPU.Build.0 = Debug|Any CPU
		{817A505F-E8EE-463A-A692-9228D0BDBD05}.Release|Any CPU.ActiveCfg = Release|Any CPU
		{817A505F-E8EE-463A-A692-9228D0BDBD05}.Release|Any CPU.Build.0 = Release|Any CPU
		{12C2E139-C927-40C4-B60B-2A6934827D2D}.Debug|Any CPU.ActiveCfg = Debug|Any CPU
		{12C2E139-C927-40C4-B60B-2A6934827D2D}.Debug|Any CPU.Build.0 = Debug|Any CPU
		{12C2E139-C927-40C4-B60B-2A6934827D2D}.Release|Any CPU.ActiveCfg = Release|Any CPU
		{12C2E139-C927-40C4-B60B-2A6934827D2D}.Release|Any CPU.Build.0 = Release|Any CPU
		{307DE03A-B65A-42F8-B053-C80A9E236A96}.Debug|Any CPU.ActiveCfg = Debug|Any CPU
		{307DE03A-B65A-42F8-B053-C80A9E236A96}.Debug|Any CPU.Build.0 = Debug|Any CPU
		{307DE03A-B65A-42F8-B053-C80A9E236A96}.Release|Any CPU.ActiveCfg = Release|Any CPU
		{307DE03A-B65A-42F8-B053-C80A9E236A96}.Release|Any CPU.Build.0 = Release|Any CPU
		{6971F199-A0D7-44C4-9CF1-9911EFF4C8C0}.Debug|Any CPU.ActiveCfg = Debug|Any CPU
		{6971F199-A0D7-44C4-9CF1-9911EFF4C8C0}.Debug|Any CPU.Build.0 = Debug|Any CPU
		{6971F199-A0D7-44C4-9CF1-9911EFF4C8C0}.Release|Any CPU.ActiveCfg = Release|Any CPU
		{6971F199-A0D7-44C4-9CF1-9911EFF4C8C0}.Release|Any CPU.Build.0 = Release|Any CPU
		{BED03D92-782A-4D16-A265-5F729A94745D}.Debug|Any CPU.ActiveCfg = Debug|Any CPU
		{BED03D92-782A-4D16-A265-5F729A94745D}.Debug|Any CPU.Build.0 = Debug|Any CPU
		{BED03D92-782A-4D16-A265-5F729A94745D}.Release|Any CPU.ActiveCfg = Release|Any CPU
		{BED03D92-782A-4D16-A265-5F729A94745D}.Release|Any CPU.Build.0 = Release|Any CPU
		{1B29A236-E2C7-484B-8372-F306342B8980}.Debug|Any CPU.ActiveCfg = Debug|Any CPU
		{1B29A236-E2C7-484B-8372-F306342B8980}.Debug|Any CPU.Build.0 = Debug|Any CPU
		{1B29A236-E2C7-484B-8372-F306342B8980}.Release|Any CPU.ActiveCfg = Release|Any CPU
		{1B29A236-E2C7-484B-8372-F306342B8980}.Release|Any CPU.Build.0 = Release|Any CPU
		{FA3C350D-0EAC-4822-99DF-6CF339D895DD}.Debug|Any CPU.ActiveCfg = Debug|Any CPU
		{FA3C350D-0EAC-4822-99DF-6CF339D895DD}.Debug|Any CPU.Build.0 = Debug|Any CPU
		{FA3C350D-0EAC-4822-99DF-6CF339D895DD}.Release|Any CPU.ActiveCfg = Release|Any CPU
		{FA3C350D-0EAC-4822-99DF-6CF339D895DD}.Release|Any CPU.Build.0 = Release|Any CPU
		{087A406F-AF83-4722-9417-C98BC41276B8}.Debug|Any CPU.ActiveCfg = Debug|Any CPU
		{087A406F-AF83-4722-9417-C98BC41276B8}.Debug|Any CPU.Build.0 = Debug|Any CPU
		{087A406F-AF83-4722-9417-C98BC41276B8}.Release|Any CPU.ActiveCfg = Release|Any CPU
		{087A406F-AF83-4722-9417-C98BC41276B8}.Release|Any CPU.Build.0 = Release|Any CPU
		{EA394593-4D02-46D1-8F82-56919089EA9F}.Debug|Any CPU.ActiveCfg = Debug|Any CPU
		{EA394593-4D02-46D1-8F82-56919089EA9F}.Debug|Any CPU.Build.0 = Debug|Any CPU
		{EA394593-4D02-46D1-8F82-56919089EA9F}.Release|Any CPU.ActiveCfg = Release|Any CPU
		{EA394593-4D02-46D1-8F82-56919089EA9F}.Release|Any CPU.Build.0 = Release|Any CPU
		{A7C30EF6-87FC-425F-A0B0-583411F9664C}.Debug|Any CPU.ActiveCfg = Debug|Any CPU
		{A7C30EF6-87FC-425F-A0B0-583411F9664C}.Debug|Any CPU.Build.0 = Debug|Any CPU
		{A7C30EF6-87FC-425F-A0B0-583411F9664C}.Release|Any CPU.ActiveCfg = Release|Any CPU
		{A7C30EF6-87FC-425F-A0B0-583411F9664C}.Release|Any CPU.Build.0 = Release|Any CPU
		{D2A57481-394C-42CC-B433-1243C4F1304B}.Debug|Any CPU.ActiveCfg = Debug|Any CPU
		{D2A57481-394C-42CC-B433-1243C4F1304B}.Debug|Any CPU.Build.0 = Debug|Any CPU
		{D2A57481-394C-42CC-B433-1243C4F1304B}.Release|Any CPU.ActiveCfg = Release|Any CPU
		{D2A57481-394C-42CC-B433-1243C4F1304B}.Release|Any CPU.Build.0 = Release|Any CPU
	EndGlobalSection
	GlobalSection(SolutionProperties) = preSolution
		HideSolutionNode = FALSE
	EndGlobalSection
	GlobalSection(NestedProjects) = preSolution
		{326967B5-0AF7-4AA0-A4B9-70ABB105142D} = {AE54A391-FB6D-48D4-A4C7-A8D4E78AEF2A}
		{AE54A391-FB6D-48D4-A4C7-A8D4E78AEF2A} = {EC1BB1BD-0A5B-4CB5-9D95-13386A89D919}
		{3742FD40-EB79-4306-B785-56254DB4F986} = {AE54A391-FB6D-48D4-A4C7-A8D4E78AEF2A}
		{347481FE-625F-43F4-B930-2FBD8F381608} = {AE54A391-FB6D-48D4-A4C7-A8D4E78AEF2A}
		{EC37E7BD-A4D8-400F-AEA5-B9BA4B766DD8} = {EC1BB1BD-0A5B-4CB5-9D95-13386A89D919}
		{DB09445F-94FD-4EBA-8D89-718A9B8C50EA} = {EC37E7BD-A4D8-400F-AEA5-B9BA4B766DD8}
		{7EC62E10-FBE0-4B5D-A3DD-F43FE1F6E067} = {EC1BB1BD-0A5B-4CB5-9D95-13386A89D919}
		{FA769689-A8BA-40A3-BA7D-D72FF4668AE7} = {7EC62E10-FBE0-4B5D-A3DD-F43FE1F6E067}
		{2F926D7F-96D4-4FF6-9CF4-A37CFF62837F} = {EC1BB1BD-0A5B-4CB5-9D95-13386A89D919}
		{AC439F7E-E8DD-46B9-8732-17B65641F7AE} = {EC1BB1BD-0A5B-4CB5-9D95-13386A89D919}
		{0270A79D-0305-43A5-BEB3-0068DE79AE4F} = {EC1BB1BD-0A5B-4CB5-9D95-13386A89D919}
		{7E46452B-AFFA-45F6-87DE-DB9646E06CC2} = {0270A79D-0305-43A5-BEB3-0068DE79AE4F}
		{B5C3B098-E758-4302-A7EA-7BB45E2325F6} = {2F926D7F-96D4-4FF6-9CF4-A37CFF62837F}
		{27C381D6-4D27-47FC-81AA-24F176B57CE7} = {AC439F7E-E8DD-46B9-8732-17B65641F7AE}
		{39CABB9A-8DB5-4B49-B6BC-4FAAABEE2459} = {EC1BB1BD-0A5B-4CB5-9D95-13386A89D919}
		{EB2738EE-AC41-4AEC-9168-D8EF27D0DF29} = {EC1BB1BD-0A5B-4CB5-9D95-13386A89D919}
		{C1295877-1D6D-4986-A1B9-B4AF32C32EC7} = {39CABB9A-8DB5-4B49-B6BC-4FAAABEE2459}
		{F2BBFE3A-F856-4C83-9270-AD5B16360CDB} = {EB2738EE-AC41-4AEC-9168-D8EF27D0DF29}
		{95F30FAA-9A21-435D-9E1C-B37465B05F01} = {AE54A391-FB6D-48D4-A4C7-A8D4E78AEF2A}
		{C3E4139A-1498-443A-94CC-261E988F629A} = {AE54A391-FB6D-48D4-A4C7-A8D4E78AEF2A}
		{5716893C-1163-4C50-90B7-0B537CFBB6AD} = {AE54A391-FB6D-48D4-A4C7-A8D4E78AEF2A}
		{585A5D0C-7651-49C5-8938-3A706A78B859} = {0270A79D-0305-43A5-BEB3-0068DE79AE4F}
		{ADD9C2AA-CF1F-4836-A611-CE893E857E31} = {AE54A391-FB6D-48D4-A4C7-A8D4E78AEF2A}
		{277E081E-408E-4574-A851-C34D93435673} = {AE54A391-FB6D-48D4-A4C7-A8D4E78AEF2A}
		{F8192A49-B514-4222-943D-6420CB50D62F} = {AE54A391-FB6D-48D4-A4C7-A8D4E78AEF2A}
		{95641BD8-7441-4173-8B91-973384F97E69} = {AE54A391-FB6D-48D4-A4C7-A8D4E78AEF2A}
		{23218F0A-821B-4EA1-A657-D486502DCE16} = {AE54A391-FB6D-48D4-A4C7-A8D4E78AEF2A}
		{F359A7CE-088C-4434-9368-8E1D5FA97C18} = {AE54A391-FB6D-48D4-A4C7-A8D4E78AEF2A}
		{FE9C0EC3-A81B-449D-BBD3-8F24DD85FDF9} = {AE54A391-FB6D-48D4-A4C7-A8D4E78AEF2A}
		{EF5F119A-5C33-421E-A9F8-27E8029B514B} = {AE54A391-FB6D-48D4-A4C7-A8D4E78AEF2A}
		{6B814ACC-3BAE-4EAE-A3B8-432BFDB8EA9D} = {AE54A391-FB6D-48D4-A4C7-A8D4E78AEF2A}
		{CB7B1A34-6631-4B99-9788-7F888AFC3564} = {AE54A391-FB6D-48D4-A4C7-A8D4E78AEF2A}
		{C8210AA8-3750-459D-8D7B-22C23A5D2956} = {AE54A391-FB6D-48D4-A4C7-A8D4E78AEF2A}
		{3D9828FA-63F3-4949-9861-64D693DB5AEB} = {EC37E7BD-A4D8-400F-AEA5-B9BA4B766DD8}
		{D4F836C9-8CD1-43CC-9965-234AB22B9A92} = {EC37E7BD-A4D8-400F-AEA5-B9BA4B766DD8}
		{817A505F-E8EE-463A-A692-9228D0BDBD05} = {EC37E7BD-A4D8-400F-AEA5-B9BA4B766DD8}
		{12C2E139-C927-40C4-B60B-2A6934827D2D} = {EC37E7BD-A4D8-400F-AEA5-B9BA4B766DD8}
		{307DE03A-B65A-42F8-B053-C80A9E236A96} = {EC37E7BD-A4D8-400F-AEA5-B9BA4B766DD8}
		{6971F199-A0D7-44C4-9CF1-9911EFF4C8C0} = {EC37E7BD-A4D8-400F-AEA5-B9BA4B766DD8}
		{BED03D92-782A-4D16-A265-5F729A94745D} = {EC37E7BD-A4D8-400F-AEA5-B9BA4B766DD8}
		{1B29A236-E2C7-484B-8372-F306342B8980} = {EC37E7BD-A4D8-400F-AEA5-B9BA4B766DD8}
		{FA3C350D-0EAC-4822-99DF-6CF339D895DD} = {0270A79D-0305-43A5-BEB3-0068DE79AE4F}
		{087A406F-AF83-4722-9417-C98BC41276B8} = {0270A79D-0305-43A5-BEB3-0068DE79AE4F}
		{EA394593-4D02-46D1-8F82-56919089EA9F} = {7EC62E10-FBE0-4B5D-A3DD-F43FE1F6E067}
		{A7C30EF6-87FC-425F-A0B0-583411F9664C} = {EB2738EE-AC41-4AEC-9168-D8EF27D0DF29}
		{D2A57481-394C-42CC-B433-1243C4F1304B} = {39CABB9A-8DB5-4B49-B6BC-4FAAABEE2459}
	EndGlobalSection
EndGlobal
