
Microsoft Visual Studio Solution File, Format Version 12.00
# Visual Studio 14
VisualStudioVersion = 14.0.25420.1
MinimumVisualStudioVersion = 10.0.40219.1
Project("{FAE04EC0-301F-11D3-BF4B-00C04F79EFBC}") = "Demos", "Demos\Demos.csproj", "{167861E1-341B-4D34-A6AB-6DA591CA675C}"
	ProjectSection(ProjectDependencies) = postProject
		{326967B5-0AF7-4AA0-A4B9-70ABB105142D} = {326967B5-0AF7-4AA0-A4B9-70ABB105142D}
	EndProjectSection
EndProject
Project("{2150E333-8FDC-42A3-9474-1A3956D46DE8}") = "WPF-CSharp", "WPF-CSharp", "{C3ABAD00-06EF-449A-A933-DB09A8B1BB75}"
EndProject
Project("{2150E333-8FDC-42A3-9474-1A3956D46DE8}") = "Samples.Apps", "Samples.Apps", "{382E81F1-9E86-4D43-98D7-CF5AD0A653C9}"
EndProject
Project("{FAE04EC0-301F-11D3-BF4B-00C04F79EFBC}") = "Themes", "Themes\Themes.csproj", "{779FF005-986B-4284-AA4F-0F86C1216406}"
EndProject
Project("{FAE04EC0-301F-11D3-BF4B-00C04F79EFBC}") = "MainFeatures.Library", "Demos\Samples\WPF-CSharp\GanttChartDataGrid\MainFeatures\MainFeatures.Library.csproj", "{326967B5-0AF7-4AA0-A4B9-70ABB105142D}"
EndProject
Project("{2150E333-8FDC-42A3-9474-1A3956D46DE8}") = "Samples.Libraries", "Samples.Libraries", "{EC1BB1BD-0A5B-4CB5-9D95-13386A89D919}"
EndProject
Project("{2150E333-8FDC-42A3-9474-1A3956D46DE8}") = "GanttChartDataGrid", "GanttChartDataGrid", "{90664756-24B9-4446-8E44-BE6BBBAED316}"
EndProject
Project("{2150E333-8FDC-42A3-9474-1A3956D46DE8}") = "GanttChartDataGrid", "GanttChartDataGrid", "{AE54A391-FB6D-48D4-A4C7-A8D4E78AEF2A}"
EndProject
Project("{FAE04EC0-301F-11D3-BF4B-00C04F79EFBC}") = "MainFeatures", "Demos\Samples\WPF-CSharp\GanttChartDataGrid\MainFeatures\MainFeatures.csproj", "{9CF2F424-97A9-4FC3-B90C-480392519987}"
EndProject
Project("{2150E333-8FDC-42A3-9474-1A3956D46DE8}") = "WPF-VisualBasic", "WPF-VisualBasic", "{5B21F815-1E3F-4D8E-8C0B-328B8D54DE04}"
EndProject
Project("{2150E333-8FDC-42A3-9474-1A3956D46DE8}") = "GanttChartDataGrid", "GanttChartDataGrid", "{67073FA1-D145-4337-8160-7DF9D6056DE2}"
EndProject
Project("{F184B08F-C81C-45F6-A57F-5ABD9991F28F}") = "MainFeatures", "Demos\Samples\WPF-VisualBasic\GanttChartDataGrid\MainFeatures\MainFeatures.vbproj", "{CCDE9711-3E18-4A62-986F-9D394A2957CE}"
EndProject
Project("{F184B08F-C81C-45F6-A57F-5ABD9991F28F}") = "MainFeatures.Library.VisualBasic", "Demos\Samples\WPF-VisualBasic\GanttChartDataGrid\MainFeatures\MainFeatures.Library.VisualBasic.vbproj", "{3742FD40-EB79-4306-B785-56254DB4F986}"
EndProject
Project("{2150E333-8FDC-42A3-9474-1A3956D46DE8}") = "WPF", "WPF", "{5081A92F-EF6D-4814-AD17-8FA651583C14}"
EndProject
Project("{2150E333-8FDC-42A3-9474-1A3956D46DE8}") = "Silverlight-CSharp", "Silverlight-CSharp", "{B87221A8-F2E0-4C8A-8268-D3855967B9FB}"
EndProject
Project("{2150E333-8FDC-42A3-9474-1A3956D46DE8}") = "Silverlight-VisualBasic", "Silverlight-VisualBasic", "{35F43E8E-408D-4761-9F48-FF1F1E778976}"
EndProject
Project("{2150E333-8FDC-42A3-9474-1A3956D46DE8}") = "GanttChartDataGrid", "GanttChartDataGrid", "{596EEDCC-FC4C-40A1-A1D1-814A322E802A}"
EndProject
Project("{2150E333-8FDC-42A3-9474-1A3956D46DE8}") = "GanttChartDataGrid", "GanttChartDataGrid", "{D7B1EEB9-C0DC-4EE4-80E7-984800004E03}"
EndProject
Project("{2150E333-8FDC-42A3-9474-1A3956D46DE8}") = "MainFeatures", "MainFeatures", "{E216A6BC-BFC4-497E-851E-7B0C472CB259}"
EndProject
Project("{FAE04EC0-301F-11D3-BF4B-00C04F79EFBC}") = "MainFeatures", "Demos\Samples\Silverlight-CSharp\GanttChartDataGrid\MainFeatures\MainFeatures.csproj", "{4C9C2C2B-0553-4A24-87D0-C162D983B3FE}"
EndProject
Project("{2150E333-8FDC-42A3-9474-1A3956D46DE8}") = "MainFeatures", "MainFeatures", "{05762470-39DE-4B6B-9A54-8570E22A1516}"
EndProject
Project("{F184B08F-C81C-45F6-A57F-5ABD9991F28F}") = "MainFeatures", "Demos\Samples\Silverlight-VisualBasic\GanttChartDataGrid\MainFeatures\MainFeatures.vbproj", "{E4452DAB-7BFE-4928-A9C3-BDA61F191593}"
EndProject
Global
	GlobalSection(SolutionConfigurationPlatforms) = preSolution
		ComponentSource.Release|Any CPU = ComponentSource.Release|Any CPU
		Debug|Any CPU = Debug|Any CPU
		Release|Any CPU = Release|Any CPU
	EndGlobalSection
	GlobalSection(ProjectConfigurationPlatforms) = postSolution
		{167861E1-341B-4D34-A6AB-6DA591CA675C}.ComponentSource.Release|Any CPU.ActiveCfg = Release|Any CPU
		{167861E1-341B-4D34-A6AB-6DA591CA675C}.ComponentSource.Release|Any CPU.Build.0 = Release|Any CPU
		{167861E1-341B-4D34-A6AB-6DA591CA675C}.Debug|Any CPU.ActiveCfg = Debug|Any CPU
		{167861E1-341B-4D34-A6AB-6DA591CA675C}.Debug|Any CPU.Build.0 = Debug|Any CPU
		{167861E1-341B-4D34-A6AB-6DA591CA675C}.Release|Any CPU.ActiveCfg = Release|Any CPU
		{167861E1-341B-4D34-A6AB-6DA591CA675C}.Release|Any CPU.Build.0 = Release|Any CPU
		{779FF005-986B-4284-AA4F-0F86C1216406}.ComponentSource.Release|Any CPU.ActiveCfg = Release|Any CPU
		{779FF005-986B-4284-AA4F-0F86C1216406}.ComponentSource.Release|Any CPU.Build.0 = Release|Any CPU
		{779FF005-986B-4284-AA4F-0F86C1216406}.Debug|Any CPU.ActiveCfg = Debug|Any CPU
		{779FF005-986B-4284-AA4F-0F86C1216406}.Debug|Any CPU.Build.0 = Debug|Any CPU
		{779FF005-986B-4284-AA4F-0F86C1216406}.Release|Any CPU.ActiveCfg = Release|Any CPU
		{779FF005-986B-4284-AA4F-0F86C1216406}.Release|Any CPU.Build.0 = Release|Any CPU
		{326967B5-0AF7-4AA0-A4B9-70ABB105142D}.ComponentSource.Release|Any CPU.ActiveCfg = Release|Any CPU
		{326967B5-0AF7-4AA0-A4B9-70ABB105142D}.ComponentSource.Release|Any CPU.Build.0 = Release|Any CPU
		{326967B5-0AF7-4AA0-A4B9-70ABB105142D}.Debug|Any CPU.ActiveCfg = Debug|Any CPU
		{326967B5-0AF7-4AA0-A4B9-70ABB105142D}.Debug|Any CPU.Build.0 = Debug|Any CPU
		{326967B5-0AF7-4AA0-A4B9-70ABB105142D}.Release|Any CPU.ActiveCfg = Release|Any CPU
		{326967B5-0AF7-4AA0-A4B9-70ABB105142D}.Release|Any CPU.Build.0 = Release|Any CPU
		{9CF2F424-97A9-4FC3-B90C-480392519987}.ComponentSource.Release|Any CPU.ActiveCfg = Release|Any CPU
		{9CF2F424-97A9-4FC3-B90C-480392519987}.ComponentSource.Release|Any CPU.Build.0 = Release|Any CPU
		{9CF2F424-97A9-4FC3-B90C-480392519987}.Debug|Any CPU.ActiveCfg = Debug|Any CPU
		{9CF2F424-97A9-4FC3-B90C-480392519987}.Debug|Any CPU.Build.0 = Debug|Any CPU
		{9CF2F424-97A9-4FC3-B90C-480392519987}.Release|Any CPU.ActiveCfg = Release|Any CPU
		{9CF2F424-97A9-4FC3-B90C-480392519987}.Release|Any CPU.Build.0 = Release|Any CPU
		{CCDE9711-3E18-4A62-986F-9D394A2957CE}.ComponentSource.Release|Any CPU.ActiveCfg = Release|Any CPU
		{CCDE9711-3E18-4A62-986F-9D394A2957CE}.ComponentSource.Release|Any CPU.Build.0 = Release|Any CPU
		{CCDE9711-3E18-4A62-986F-9D394A2957CE}.Debug|Any CPU.ActiveCfg = Debug|Any CPU
		{CCDE9711-3E18-4A62-986F-9D394A2957CE}.Debug|Any CPU.Build.0 = Debug|Any CPU
		{CCDE9711-3E18-4A62-986F-9D394A2957CE}.Release|Any CPU.ActiveCfg = Release|Any CPU
		{CCDE9711-3E18-4A62-986F-9D394A2957CE}.Release|Any CPU.Build.0 = Release|Any CPU
		{3742FD40-EB79-4306-B785-56254DB4F986}.ComponentSource.Release|Any CPU.ActiveCfg = Release|Any CPU
		{3742FD40-EB79-4306-B785-56254DB4F986}.ComponentSource.Release|Any CPU.Build.0 = Release|Any CPU
		{3742FD40-EB79-4306-B785-56254DB4F986}.Debug|Any CPU.ActiveCfg = Debug|Any CPU
		{3742FD40-EB79-4306-B785-56254DB4F986}.Debug|Any CPU.Build.0 = Debug|Any CPU
		{3742FD40-EB79-4306-B785-56254DB4F986}.Release|Any CPU.ActiveCfg = Release|Any CPU
		{3742FD40-EB79-4306-B785-56254DB4F986}.Release|Any CPU.Build.0 = Release|Any CPU
		{4C9C2C2B-0553-4A24-87D0-C162D983B3FE}.ComponentSource.Release|Any CPU.ActiveCfg = ComponentSource.Release|Any CPU
		{4C9C2C2B-0553-4A24-87D0-C162D983B3FE}.ComponentSource.Release|Any CPU.Build.0 = ComponentSource.Release|Any CPU
		{4C9C2C2B-0553-4A24-87D0-C162D983B3FE}.Debug|Any CPU.ActiveCfg = Debug|Any CPU
		{4C9C2C2B-0553-4A24-87D0-C162D983B3FE}.Debug|Any CPU.Build.0 = Debug|Any CPU
		{4C9C2C2B-0553-4A24-87D0-C162D983B3FE}.Release|Any CPU.ActiveCfg = Release|Any CPU
		{4C9C2C2B-0553-4A24-87D0-C162D983B3FE}.Release|Any CPU.Build.0 = Release|Any CPU
		{E4452DAB-7BFE-4928-A9C3-BDA61F191593}.ComponentSource.Release|Any CPU.ActiveCfg = Release|Any CPU
		{E4452DAB-7BFE-4928-A9C3-BDA61F191593}.ComponentSource.Release|Any CPU.Build.0 = Release|Any CPU
		{E4452DAB-7BFE-4928-A9C3-BDA61F191593}.Debug|Any CPU.ActiveCfg = Debug|Any CPU
		{E4452DAB-7BFE-4928-A9C3-BDA61F191593}.Debug|Any CPU.Build.0 = Debug|Any CPU
		{E4452DAB-7BFE-4928-A9C3-BDA61F191593}.Release|Any CPU.ActiveCfg = Release|Any CPU
		{E4452DAB-7BFE-4928-A9C3-BDA61F191593}.Release|Any CPU.Build.0 = Release|Any CPU
	EndGlobalSection
	GlobalSection(SolutionProperties) = preSolution
		HideSolutionNode = FALSE
	EndGlobalSection
	GlobalSection(NestedProjects) = preSolution
		{C3ABAD00-06EF-449A-A933-DB09A8B1BB75} = {382E81F1-9E86-4D43-98D7-CF5AD0A653C9}
		{326967B5-0AF7-4AA0-A4B9-70ABB105142D} = {AE54A391-FB6D-48D4-A4C7-A8D4E78AEF2A}
		{90664756-24B9-4446-8E44-BE6BBBAED316} = {C3ABAD00-06EF-449A-A933-DB09A8B1BB75}
		{AE54A391-FB6D-48D4-A4C7-A8D4E78AEF2A} = {5081A92F-EF6D-4814-AD17-8FA651583C14}
		{9CF2F424-97A9-4FC3-B90C-480392519987} = {90664756-24B9-4446-8E44-BE6BBBAED316}
		{5B21F815-1E3F-4D8E-8C0B-328B8D54DE04} = {382E81F1-9E86-4D43-98D7-CF5AD0A653C9}
		{67073FA1-D145-4337-8160-7DF9D6056DE2} = {5B21F815-1E3F-4D8E-8C0B-328B8D54DE04}
		{CCDE9711-3E18-4A62-986F-9D394A2957CE} = {67073FA1-D145-4337-8160-7DF9D6056DE2}
		{3742FD40-EB79-4306-B785-56254DB4F986} = {AE54A391-FB6D-48D4-A4C7-A8D4E78AEF2A}
		{5081A92F-EF6D-4814-AD17-8FA651583C14} = {EC1BB1BD-0A5B-4CB5-9D95-13386A89D919}
		{B87221A8-F2E0-4C8A-8268-D3855967B9FB} = {382E81F1-9E86-4D43-98D7-CF5AD0A653C9}
		{35F43E8E-408D-4761-9F48-FF1F1E778976} = {382E81F1-9E86-4D43-98D7-CF5AD0A653C9}
		{596EEDCC-FC4C-40A1-A1D1-814A322E802A} = {B87221A8-F2E0-4C8A-8268-D3855967B9FB}
		{D7B1EEB9-C0DC-4EE4-80E7-984800004E03} = {35F43E8E-408D-4761-9F48-FF1F1E778976}
		{E216A6BC-BFC4-497E-851E-7B0C472CB259} = {596EEDCC-FC4C-40A1-A1D1-814A322E802A}
		{4C9C2C2B-0553-4A24-87D0-C162D983B3FE} = {E216A6BC-BFC4-497E-851E-7B0C472CB259}
		{05762470-39DE-4B6B-9A54-8570E22A1516} = {D7B1EEB9-C0DC-4EE4-80E7-984800004E03}
		{E4452DAB-7BFE-4928-A9C3-BDA61F191593} = {05762470-39DE-4B6B-9A54-8570E22A1516}
	EndGlobalSection
EndGlobal
